
Microsoft Visual Studio Solution File, Format Version 12.00
# Visual Studio Version 16
VisualStudioVersion = 16.0.29102.190
MinimumVisualStudioVersion = 10.0.40219.1
Project("{FAE04EC0-301F-11D3-BF4B-00C04F79EFBC}") = "Enum", "Enum\Enum.csproj", "{C42116F6-E1FC-460C-B811-2A42C5800EEB}"
EndProject
Global
	GlobalSection(SolutionConfigurationPlatforms) = preSolution
		Debug|Any CPU = Debug|Any CPU
		Release|Any CPU = Release|Any CPU
	EndGlobalSection
	GlobalSection(ProjectConfigurationPlatforms) = postSolution
		{C42116F6-E1FC-460C-B811-2A42C5800EEB}.Debug|Any CPU.ActiveCfg = Debug|Any CPU
		{C42116F6-E1FC-460C-B811-2A42C5800EEB}.Debug|Any CPU.Build.0 = Debug|Any CPU
		{C42116F6-E1FC-460C-B811-2A42C5800EEB}.Release|Any CPU.ActiveCfg = Release|Any CPU
		{C42116F6-E1FC-460C-B811-2A42C5800EEB}.Release|Any CPU.Build.0 = Release|Any CPU
	EndGlobalSection
	GlobalSection(SolutionProperties) = preSolution
		HideSolutionNode = FALSE
	EndGlobalSection
	GlobalSection(ExtensibilityGlobals) = postSolution
		SolutionGuid = {10C0DB04-C0CD-4A37-A510-DEE6DBF2DA66}
	EndGlobalSection
EndGlobal
