
Microsoft Visual Studio Solution File, Format Version 12.00
# Visual Studio Version 16
VisualStudioVersion = 16.0.29102.190
MinimumVisualStudioVersion = 10.0.40219.1
Project("{FAE04EC0-301F-11D3-BF4B-00C04F79EFBC}") = "structure vs class", "structure vs class\structure vs class.csproj", "{A962D92C-D6AD-48CE-BA43-85D93DBF1E6B}"
EndProject
Global
	GlobalSection(SolutionConfigurationPlatforms) = preSolution
		Debug|Any CPU = Debug|Any CPU
		Release|Any CPU = Release|Any CPU
	EndGlobalSection
	GlobalSection(ProjectConfigurationPlatforms) = postSolution
		{A962D92C-D6AD-48CE-BA43-85D93DBF1E6B}.Debug|Any CPU.ActiveCfg = Debug|Any CPU
		{A962D92C-D6AD-48CE-BA43-85D93DBF1E6B}.Debug|Any CPU.Build.0 = Debug|Any CPU
		{A962D92C-D6AD-48CE-BA43-85D93DBF1E6B}.Release|Any CPU.ActiveCfg = Release|Any CPU
		{A962D92C-D6AD-48CE-BA43-85D93DBF1E6B}.Release|Any CPU.Build.0 = Release|Any CPU
	EndGlobalSection
	GlobalSection(SolutionProperties) = preSolution
		HideSolutionNode = FALSE
	EndGlobalSection
	GlobalSection(ExtensibilityGlobals) = postSolution
		SolutionGuid = {DACC0887-DEC8-44E5-A315-8DF2E62962B0}
	EndGlobalSection
EndGlobal
