
Microsoft Visual Studio Solution File, Format Version 12.00
# Visual Studio Version 16
VisualStudioVersion = 16.0.29102.190
MinimumVisualStudioVersion = 10.0.40219.1
Project("{FAE04EC0-301F-11D3-BF4B-00C04F79EFBC}") = "structure", "structure\structure.csproj", "{52367174-8B12-43A8-AE51-4CA8815D5130}"
EndProject
Global
	GlobalSection(SolutionConfigurationPlatforms) = preSolution
		Debug|Any CPU = Debug|Any CPU
		Release|Any CPU = Release|Any CPU
	EndGlobalSection
	GlobalSection(ProjectConfigurationPlatforms) = postSolution
		{52367174-8B12-43A8-AE51-4CA8815D5130}.Debug|Any CPU.ActiveCfg = Debug|Any CPU
		{52367174-8B12-43A8-AE51-4CA8815D5130}.Debug|Any CPU.Build.0 = Debug|Any CPU
		{52367174-8B12-43A8-AE51-4CA8815D5130}.Release|Any CPU.ActiveCfg = Release|Any CPU
		{52367174-8B12-43A8-AE51-4CA8815D5130}.Release|Any CPU.Build.0 = Release|Any CPU
	EndGlobalSection
	GlobalSection(SolutionProperties) = preSolution
		HideSolutionNode = FALSE
	EndGlobalSection
	GlobalSection(ExtensibilityGlobals) = postSolution
		SolutionGuid = {8D05949E-4360-404F-A408-F9DCDE6CDBC2}
	EndGlobalSection
EndGlobal
