
Microsoft Visual Studio Solution File, Format Version 12.00
# Visual Studio Version 16
VisualStudioVersion = 16.0.29102.190
MinimumVisualStudioVersion = 10.0.40219.1
Project("{FAE04EC0-301F-11D3-BF4B-00C04F79EFBC}") = "ToString Override", "ToString Override\ToString Override.csproj", "{FE5C5DD2-37EC-4912-85E5-2217E8A9E8BB}"
EndProject
Global
	GlobalSection(SolutionConfigurationPlatforms) = preSolution
		Debug|Any CPU = Debug|Any CPU
		Release|Any CPU = Release|Any CPU
	EndGlobalSection
	GlobalSection(ProjectConfigurationPlatforms) = postSolution
		{FE5C5DD2-37EC-4912-85E5-2217E8A9E8BB}.Debug|Any CPU.ActiveCfg = Debug|Any CPU
		{FE5C5DD2-37EC-4912-85E5-2217E8A9E8BB}.Debug|Any CPU.Build.0 = Debug|Any CPU
		{FE5C5DD2-37EC-4912-85E5-2217E8A9E8BB}.Release|Any CPU.ActiveCfg = Release|Any CPU
		{FE5C5DD2-37EC-4912-85E5-2217E8A9E8BB}.Release|Any CPU.Build.0 = Release|Any CPU
	EndGlobalSection
	GlobalSection(SolutionProperties) = preSolution
		HideSolutionNode = FALSE
	EndGlobalSection
	GlobalSection(ExtensibilityGlobals) = postSolution
		SolutionGuid = {78B4042D-F54F-4251-9440-A4EC3102FF01}
	EndGlobalSection
EndGlobal
