
Microsoft Visual Studio Solution File, Format Version 12.00
# Visual Studio Version 16
VisualStudioVersion = 16.0.29102.190
MinimumVisualStudioVersion = 10.0.40219.1
Project("{FAE04EC0-301F-11D3-BF4B-00C04F79EFBC}") = "tarnary_operator", "tarnary_operator\tarnary_operator.csproj", "{BF9C29A9-3D22-4439-80D1-240BDF0E9A56}"
EndProject
Global
	GlobalSection(SolutionConfigurationPlatforms) = preSolution
		Debug|Any CPU = Debug|Any CPU
		Release|Any CPU = Release|Any CPU
	EndGlobalSection
	GlobalSection(ProjectConfigurationPlatforms) = postSolution
		{BF9C29A9-3D22-4439-80D1-240BDF0E9A56}.Debug|Any CPU.ActiveCfg = Debug|Any CPU
		{BF9C29A9-3D22-4439-80D1-240BDF0E9A56}.Debug|Any CPU.Build.0 = Debug|Any CPU
		{BF9C29A9-3D22-4439-80D1-240BDF0E9A56}.Release|Any CPU.ActiveCfg = Release|Any CPU
		{BF9C29A9-3D22-4439-80D1-240BDF0E9A56}.Release|Any CPU.Build.0 = Release|Any CPU
	EndGlobalSection
	GlobalSection(SolutionProperties) = preSolution
		HideSolutionNode = FALSE
	EndGlobalSection
	GlobalSection(ExtensibilityGlobals) = postSolution
		SolutionGuid = {981DD228-C50D-4055-BDAD-94A07CB4E102}
	EndGlobalSection
EndGlobal
